
Microsoft Visual Studio Solution File, Format Version 12.00
# Visual Studio Version 16
VisualStudioVersion = 16.0.30711.63
MinimumVisualStudioVersion = 10.0.40219.1
Project("{FAE04EC0-301F-11D3-BF4B-00C04F79EFBC}") = "Homework", "Homework\Homework.csproj", "{FEEBEFD1-D13A-441B-AD3E-223834137284}"
EndProject
Global
	GlobalSection(SolutionConfigurationPlatforms) = preSolution
		Debug|Any CPU = Debug|Any CPU
		Release|Any CPU = Release|Any CPU
	EndGlobalSection
	GlobalSection(ProjectConfigurationPlatforms) = postSolution
		{FEEBEFD1-D13A-441B-AD3E-223834137284}.Debug|Any CPU.ActiveCfg = Debug|Any CPU
		{FEEBEFD1-D13A-441B-AD3E-223834137284}.Debug|Any CPU.Build.0 = Debug|Any CPU
		{FEEBEFD1-D13A-441B-AD3E-223834137284}.Release|Any CPU.ActiveCfg = Release|Any CPU
		{FEEBEFD1-D13A-441B-AD3E-223834137284}.Release|Any CPU.Build.0 = Release|Any CPU
	EndGlobalSection
	GlobalSection(SolutionProperties) = preSolution
		HideSolutionNode = FALSE
	EndGlobalSection
	GlobalSection(ExtensibilityGlobals) = postSolution
		SolutionGuid = {59865F25-3B93-4FF7-95F2-89C20E1FEE9B}
	EndGlobalSection
EndGlobal
